# This file is automatically @generated by Cargo.
# It is not intended for manual editing.
version = 4

[[package]]
name = "clipboard-core"
version = "0.1.0"

[[package]]
name = "clipboard-images"
version = "0.1.0"

[[package]]
name = "clipboard-import"
version = "0.1.0"

[[package]]
name = "clipboard-import-cli"
version = "0.1.0"

[[package]]
name = "clipboard-search"
version = "0.1.0"

[[package]]
name = "clipboard-store"
version = "0.1.0"
